
Microsoft Visual Studio Solution File, Format Version 12.00
# Visual Studio Version 17
VisualStudioVersion = 17.11.35208.52
MinimumVisualStudioVersion = 10.0.40219.1
Project("{FAE04EC0-301F-11D3-BF4B-00C04F79EFBC}") = "booking Management", "booking Management.csproj", "{245C4E45-0FC8-4F01-ABDE-319660E19084}"
EndProject
Project("{FAE04EC0-301F-11D3-BF4B-00C04F79EFBC}") = "BusinessLayer", "..\BusinessLayer\BusinessLayer.csproj", "{A30F485A-5B15-40F3-867B-F87335748C3D}"
EndProject
Project("{FAE04EC0-301F-11D3-BF4B-00C04F79EFBC}") = "DataLayer", "B:\C#_project_information\Test&Trainig using C#\Booking\DataLayer\DataLayer.csproj", "{F7CA4EF1-A3BD-4967-A5D3-8C8B8ED14C40}"
EndProject
Global
	GlobalSection(SolutionConfigurationPlatforms) = preSolution
		Debug|Any CPU = Debug|Any CPU
		Release|Any CPU = Release|Any CPU
	EndGlobalSection
	GlobalSection(ProjectConfigurationPlatforms) = postSolution
		{245C4E45-0FC8-4F01-ABDE-319660E19084}.Debug|Any CPU.ActiveCfg = Debug|Any CPU
		{245C4E45-0FC8-4F01-ABDE-319660E19084}.Debug|Any CPU.Build.0 = Debug|Any CPU
		{245C4E45-0FC8-4F01-ABDE-319660E19084}.Release|Any CPU.ActiveCfg = Release|Any CPU
		{245C4E45-0FC8-4F01-ABDE-319660E19084}.Release|Any CPU.Build.0 = Release|Any CPU
		{A30F485A-5B15-40F3-867B-F87335748C3D}.Debug|Any CPU.ActiveCfg = Debug|Any CPU
		{A30F485A-5B15-40F3-867B-F87335748C3D}.Debug|Any CPU.Build.0 = Debug|Any CPU
		{A30F485A-5B15-40F3-867B-F87335748C3D}.Release|Any CPU.ActiveCfg = Release|Any CPU
		{A30F485A-5B15-40F3-867B-F87335748C3D}.Release|Any CPU.Build.0 = Release|Any CPU
		{F7CA4EF1-A3BD-4967-A5D3-8C8B8ED14C40}.Debug|Any CPU.ActiveCfg = Debug|Any CPU
		{F7CA4EF1-A3BD-4967-A5D3-8C8B8ED14C40}.Debug|Any CPU.Build.0 = Debug|Any CPU
		{F7CA4EF1-A3BD-4967-A5D3-8C8B8ED14C40}.Release|Any CPU.ActiveCfg = Release|Any CPU
		{F7CA4EF1-A3BD-4967-A5D3-8C8B8ED14C40}.Release|Any CPU.Build.0 = Release|Any CPU
	EndGlobalSection
	GlobalSection(SolutionProperties) = preSolution
		HideSolutionNode = FALSE
	EndGlobalSection
	GlobalSection(ExtensibilityGlobals) = postSolution
		SolutionGuid = {C75DECDC-ECCE-47B3-A156-7382CADF15D7}
	EndGlobalSection
EndGlobal
